
Microsoft Visual Studio Solution File, Format Version 12.00
# Visual Studio 15
VisualStudioVersion = 15.0.28307.271
MinimumVisualStudioVersion = 10.0.40219.1
Project("{FAE04EC0-301F-11D3-BF4B-00C04F79EFBC}") = "TickerPlant", "TickerPlant\TickerPlant.csproj", "{551FA528-187A-48A0-9C05-6EB328A10B07}"
EndProject
Project("{FAE04EC0-301F-11D3-BF4B-00C04F79EFBC}") = "TickOff", "TickOff\TickOff.csproj", "{42EFDBE7-1D1C-4F2A-B440-402696757DD9}"
EndProject
Project("{FAE04EC0-301F-11D3-BF4B-00C04F79EFBC}") = "ServerEventTicker", "ServerEventTicker\ServerEventTicker.csproj", "{8CF7E7C7-273E-4E0D-B19F-D1B913A77146}"
EndProject
Global
	GlobalSection(SolutionConfigurationPlatforms) = preSolution
		Debug|Any CPU = Debug|Any CPU
		Release|Any CPU = Release|Any CPU
	EndGlobalSection
	GlobalSection(ProjectConfigurationPlatforms) = postSolution
		{551FA528-187A-48A0-9C05-6EB328A10B07}.Debug|Any CPU.ActiveCfg = Debug|Any CPU
		{551FA528-187A-48A0-9C05-6EB328A10B07}.Debug|Any CPU.Build.0 = Debug|Any CPU
		{551FA528-187A-48A0-9C05-6EB328A10B07}.Release|Any CPU.ActiveCfg = Release|Any CPU
		{551FA528-187A-48A0-9C05-6EB328A10B07}.Release|Any CPU.Build.0 = Release|Any CPU
		{42EFDBE7-1D1C-4F2A-B440-402696757DD9}.Debug|Any CPU.ActiveCfg = Debug|Any CPU
		{42EFDBE7-1D1C-4F2A-B440-402696757DD9}.Debug|Any CPU.Build.0 = Debug|Any CPU
		{42EFDBE7-1D1C-4F2A-B440-402696757DD9}.Release|Any CPU.ActiveCfg = Release|Any CPU
		{42EFDBE7-1D1C-4F2A-B440-402696757DD9}.Release|Any CPU.Build.0 = Release|Any CPU
		{8CF7E7C7-273E-4E0D-B19F-D1B913A77146}.Debug|Any CPU.ActiveCfg = Debug|Any CPU
		{8CF7E7C7-273E-4E0D-B19F-D1B913A77146}.Debug|Any CPU.Build.0 = Debug|Any CPU
		{8CF7E7C7-273E-4E0D-B19F-D1B913A77146}.Release|Any CPU.ActiveCfg = Release|Any CPU
		{8CF7E7C7-273E-4E0D-B19F-D1B913A77146}.Release|Any CPU.Build.0 = Release|Any CPU
	EndGlobalSection
	GlobalSection(SolutionProperties) = preSolution
		HideSolutionNode = FALSE
	EndGlobalSection
	GlobalSection(ExtensibilityGlobals) = postSolution
		SolutionGuid = {6C7B4E78-320E-4C57-BA1E-E4995E15FB9D}
	EndGlobalSection
EndGlobal
